// !$*UTF8*$!
{
	archiveVersion = 1;
	classes = {
	};
	objectVersion = 55;
	objects = {

/* Begin PBXBuildFile section */
		D381800F2840CC4D001849E1 /* CatalogoDeAplicacionesApp.swift in Sources */ = {isa = PBXBuildFile; fileRef = D381800E2840CC4D001849E1 /* CatalogoDeAplicacionesApp.swift */; };
		D38180112840CC4D001849E1 /* ContentView.swift in Sources */ = {isa = PBXBuildFile; fileRef = D38180102840CC4D001849E1 /* ContentView.swift */; };
		D38180132840CC4E001849E1 /* Assets.xcassets in Resources */ = {isa = PBXBuildFile; fileRef = D38180122840CC4E001849E1 /* Assets.xcassets */; };
		D38180162840CC4E001849E1 /* Preview Assets.xcassets in Resources */ = {isa = PBXBuildFile; fileRef = D38180152840CC4E001849E1 /* Preview Assets.xcassets */; };
		D38180182840CC4E001849E1 /* Persistence.swift in Sources */ = {isa = PBXBuildFile; fileRef = D38180172840CC4E001849E1 /* Persistence.swift */; };
		D381801B2840CC4E001849E1 /* CatalogoDeAplicaciones.xcdatamodeld in Sources */ = {isa = PBXBuildFile; fileRef = D38180192840CC4E001849E1 /* CatalogoDeAplicaciones.xcdatamodeld */; };
		D38180252840CC4E001849E1 /* CatalogoDeAplicacionesTests.swift in Sources */ = {isa = PBXBuildFile; fileRef = D38180242840CC4E001849E1 /* CatalogoDeAplicacionesTests.swift */; };
		D381802F2840CC4E001849E1 /* CatalogoDeAplicacionesUITests.swift in Sources */ = {isa = PBXBuildFile; fileRef = D381802E2840CC4E001849E1 /* CatalogoDeAplicacionesUITests.swift */; };
		D38180312840CC4E001849E1 /* CatalogoDeAplicacionesUITestsLaunchTests.swift in Sources */ = {isa = PBXBuildFile; fileRef = D38180302840CC4E001849E1 /* CatalogoDeAplicacionesUITestsLaunchTests.swift */; };
		D38356A5284128F200AB379E /* Catalogue.swift in Sources */ = {isa = PBXBuildFile; fileRef = D38356A4284128F200AB379E /* Catalogue.swift */; };
		D38356A72841294F00AB379E /* Feed.swift in Sources */ = {isa = PBXBuildFile; fileRef = D38356A62841294F00AB379E /* Feed.swift */; };
		D38356A92841296400AB379E /* Author.swift in Sources */ = {isa = PBXBuildFile; fileRef = D38356A82841296400AB379E /* Author.swift */; };
		D38356AB2841298700AB379E /* Icon.swift in Sources */ = {isa = PBXBuildFile; fileRef = D38356AA2841298700AB379E /* Icon.swift */; };
		D38356AD2841299900AB379E /* Entry.swift in Sources */ = {isa = PBXBuildFile; fileRef = D38356AC2841299900AB379E /* Entry.swift */; };
		D38356AF284129AD00AB379E /* Category.swift in Sources */ = {isa = PBXBuildFile; fileRef = D38356AE284129AD00AB379E /* Category.swift */; };
		D38356B1284129C100AB379E /* CategoryAttributes.swift in Sources */ = {isa = PBXBuildFile; fileRef = D38356B0284129C100AB379E /* CategoryAttributes.swift */; };
		D38356B3284129D700AB379E /* ID.swift in Sources */ = {isa = PBXBuildFile; fileRef = D38356B2284129D700AB379E /* ID.swift */; };
		D38356B5284129E800AB379E /* IDAttributes.swift in Sources */ = {isa = PBXBuildFile; fileRef = D38356B4284129E800AB379E /* IDAttributes.swift */; };
		D38356B7284129FA00AB379E /* IMArtist.swift in Sources */ = {isa = PBXBuildFile; fileRef = D38356B6284129FA00AB379E /* IMArtist.swift */; };
		D38356B928412A0A00AB379E /* IMArtistAttributes.swift in Sources */ = {isa = PBXBuildFile; fileRef = D38356B828412A0A00AB379E /* IMArtistAttributes.swift */; };
		D38356BB28412A1A00AB379E /* IMContentType.swift in Sources */ = {isa = PBXBuildFile; fileRef = D38356BA28412A1A00AB379E /* IMContentType.swift */; };
		D38356BD28412A3300AB379E /* IMContentTypeAttributes.swift in Sources */ = {isa = PBXBuildFile; fileRef = D38356BC28412A3300AB379E /* IMContentTypeAttributes.swift */; };
		D38356BF28412BDA00AB379E /* AttributesLabel.swift in Sources */ = {isa = PBXBuildFile; fileRef = D38356BE28412BDA00AB379E /* AttributesLabel.swift */; };
		D38356C128412BF300AB379E /* Term.swift in Sources */ = {isa = PBXBuildFile; fileRef = D38356C028412BF300AB379E /* Term.swift */; };
		D38356C328412C0500AB379E /* IMImage.swift in Sources */ = {isa = PBXBuildFile; fileRef = D38356C228412C0500AB379E /* IMImage.swift */; };
		D38356C528412C1F00AB379E /* IMImageAttributes.swift in Sources */ = {isa = PBXBuildFile; fileRef = D38356C428412C1F00AB379E /* IMImageAttributes.swift */; };
		D38356C728412C3200AB379E /* IMPrice.swift in Sources */ = {isa = PBXBuildFile; fileRef = D38356C628412C3200AB379E /* IMPrice.swift */; };
		D38356C928412C4200AB379E /* IMPriceAttributes.swift in Sources */ = {isa = PBXBuildFile; fileRef = D38356C828412C4200AB379E /* IMPriceAttributes.swift */; };
		D38356CB28412C5100AB379E /* Currency.swift in Sources */ = {isa = PBXBuildFile; fileRef = D38356CA28412C5100AB379E /* Currency.swift */; };
		D38356CD28412C6400AB379E /* IMPriceLabel.swift in Sources */ = {isa = PBXBuildFile; fileRef = D38356CC28412C6400AB379E /* IMPriceLabel.swift */; };
		D38356CF28412C7700AB379E /* IMReleaseDate.swift in Sources */ = {isa = PBXBuildFile; fileRef = D38356CE28412C7700AB379E /* IMReleaseDate.swift */; };
		D38356D128412C8600AB379E /* EntryLink.swift in Sources */ = {isa = PBXBuildFile; fileRef = D38356D028412C8600AB379E /* EntryLink.swift */; };
		D38356D328412C9800AB379E /* PurpleAttributes.swift in Sources */ = {isa = PBXBuildFile; fileRef = D38356D228412C9800AB379E /* PurpleAttributes.swift */; };
		D38356D528412CAB00AB379E /* IMAssetType.swift in Sources */ = {isa = PBXBuildFile; fileRef = D38356D428412CAB00AB379E /* IMAssetType.swift */; };
		D38356D728412CB800AB379E /* Rel.swift in Sources */ = {isa = PBXBuildFile; fileRef = D38356D628412CB800AB379E /* Rel.swift */; };
		D38356D928412CC500AB379E /* Title.swift in Sources */ = {isa = PBXBuildFile; fileRef = D38356D828412CC500AB379E /* Title.swift */; };
		D38356DB28412CD400AB379E /* TypeEnum.swift in Sources */ = {isa = PBXBuildFile; fileRef = D38356DA28412CD400AB379E /* TypeEnum.swift */; };
		D38356DD28412CE300AB379E /* FeedLink.swift in Sources */ = {isa = PBXBuildFile; fileRef = D38356DC28412CE300AB379E /* FeedLink.swift */; };
		D38356DF28412CF000AB379E /* FluffyAttributes.swift in Sources */ = {isa = PBXBuildFile; fileRef = D38356DE28412CF000AB379E /* FluffyAttributes.swift */; };
		D3C20A30284166C0002CE005 /* CatalogueService.swift in Sources */ = {isa = PBXBuildFile; fileRef = D3C20A2F284166C0002CE005 /* CatalogueService.swift */; };
		D3C20A3228418EEC002CE005 /* CategoriesListView.swift in Sources */ = {isa = PBXBuildFile; fileRef = D3C20A3128418EEC002CE005 /* CategoriesListView.swift */; };
		D3C20A3428419008002CE005 /* ApplicationView.swift in Sources */ = {isa = PBXBuildFile; fileRef = D3C20A3328419008002CE005 /* ApplicationView.swift */; };
		D3C2562228420AC90044B63C /* CatalogueViewModel.swift in Sources */ = {isa = PBXBuildFile; fileRef = D3C2562128420AC90044B63C /* CatalogueViewModel.swift */; };
		D3C25624284224180044B63C /* ApplicationDetailView.swift in Sources */ = {isa = PBXBuildFile; fileRef = D3C25623284224180044B63C /* ApplicationDetailView.swift */; };
		D3C2562628423F330044B63C /* ApplicationListView.swift in Sources */ = {isa = PBXBuildFile; fileRef = D3C2562528423F330044B63C /* ApplicationListView.swift */; };
		D3C2562828423F3D0044B63C /* ApplicationGridView.swift in Sources */ = {isa = PBXBuildFile; fileRef = D3C2562728423F3D0044B63C /* ApplicationGridView.swift */; };
/* End PBXBuildFile section */

/* Begin PBXContainerItemProxy section */
		D38180212840CC4E001849E1 /* PBXContainerItemProxy */ = {
			isa = PBXContainerItemProxy;
			containerPortal = D38180032840CC4D001849E1 /* Project object */;
			proxyType = 1;
			remoteGlobalIDString = D381800A2840CC4D001849E1;
			remoteInfo = CatalogoDeAplicaciones;
		};
		D381802B2840CC4E001849E1 /* PBXContainerItemProxy */ = {
			isa = PBXContainerItemProxy;
			containerPortal = D38180032840CC4D001849E1 /* Project object */;
			proxyType = 1;
			remoteGlobalIDString = D381800A2840CC4D001849E1;
			remoteInfo = CatalogoDeAplicaciones;
		};
/* End PBXContainerItemProxy section */

/* Begin PBXFileReference section */
		D381800B2840CC4D001849E1 /* CatalogoDeAplicaciones.app */ = {isa = PBXFileReference; explicitFileType = wrapper.application; includeInIndex = 0; path = CatalogoDeAplicaciones.app; sourceTree = BUILT_PRODUCTS_DIR; };
		D381800E2840CC4D001849E1 /* CatalogoDeAplicacionesApp.swift */ = {isa = PBXFileReference; lastKnownFileType = sourcecode.swift; path = CatalogoDeAplicacionesApp.swift; sourceTree = "<group>"; };
		D38180102840CC4D001849E1 /* ContentView.swift */ = {isa = PBXFileReference; lastKnownFileType = sourcecode.swift; path = ContentView.swift; sourceTree = "<group>"; };
		D38180122840CC4E001849E1 /* Assets.xcassets */ = {isa = PBXFileReference; lastKnownFileType = folder.assetcatalog; path = Assets.xcassets; sourceTree = "<group>"; };
		D38180152840CC4E001849E1 /* Preview Assets.xcassets */ = {isa = PBXFileReference; lastKnownFileType = folder.assetcatalog; path = "Preview Assets.xcassets"; sourceTree = "<group>"; };
		D38180172840CC4E001849E1 /* Persistence.swift */ = {isa = PBXFileReference; lastKnownFileType = sourcecode.swift; path = Persistence.swift; sourceTree = "<group>"; };
		D381801A2840CC4E001849E1 /* CatalogoDeAplicaciones.xcdatamodel */ = {isa = PBXFileReference; lastKnownFileType = wrapper.xcdatamodel; path = CatalogoDeAplicaciones.xcdatamodel; sourceTree = "<group>"; };
		D38180202840CC4E001849E1 /* CatalogoDeAplicacionesTests.xctest */ = {isa = PBXFileReference; explicitFileType = wrapper.cfbundle; includeInIndex = 0; path = CatalogoDeAplicacionesTests.xctest; sourceTree = BUILT_PRODUCTS_DIR; };
		D38180242840CC4E001849E1 /* CatalogoDeAplicacionesTests.swift */ = {isa = PBXFileReference; lastKnownFileType = sourcecode.swift; path = CatalogoDeAplicacionesTests.swift; sourceTree = "<group>"; };
		D381802A2840CC4E001849E1 /* CatalogoDeAplicacionesUITests.xctest */ = {isa = PBXFileReference; explicitFileType = wrapper.cfbundle; includeInIndex = 0; path = CatalogoDeAplicacionesUITests.xctest; sourceTree = BUILT_PRODUCTS_DIR; };
		D381802E2840CC4E001849E1 /* CatalogoDeAplicacionesUITests.swift */ = {isa = PBXFileReference; lastKnownFileType = sourcecode.swift; path = CatalogoDeAplicacionesUITests.swift; sourceTree = "<group>"; };
		D38180302840CC4E001849E1 /* CatalogoDeAplicacionesUITestsLaunchTests.swift */ = {isa = PBXFileReference; lastKnownFileType = sourcecode.swift; path = CatalogoDeAplicacionesUITestsLaunchTests.swift; sourceTree = "<group>"; };
		D38356A4284128F200AB379E /* Catalogue.swift */ = {isa = PBXFileReference; lastKnownFileType = sourcecode.swift; path = Catalogue.swift; sourceTree = "<group>"; };
		D38356A62841294F00AB379E /* Feed.swift */ = {isa = PBXFileReference; lastKnownFileType = sourcecode.swift; path = Feed.swift; sourceTree = "<group>"; };
		D38356A82841296400AB379E /* Author.swift */ = {isa = PBXFileReference; lastKnownFileType = sourcecode.swift; path = Author.swift; sourceTree = "<group>"; };
		D38356AA2841298700AB379E /* Icon.swift */ = {isa = PBXFileReference; lastKnownFileType = sourcecode.swift; path = Icon.swift; sourceTree = "<group>"; };
		D38356AC2841299900AB379E /* Entry.swift */ = {isa = PBXFileReference; lastKnownFileType = sourcecode.swift; path = Entry.swift; sourceTree = "<group>"; };
		D38356AE284129AD00AB379E /* Category.swift */ = {isa = PBXFileReference; lastKnownFileType = sourcecode.swift; path = Category.swift; sourceTree = "<group>"; };
		D38356B0284129C100AB379E /* CategoryAttributes.swift */ = {isa = PBXFileReference; lastKnownFileType = sourcecode.swift; path = CategoryAttributes.swift; sourceTree = "<group>"; };
		D38356B2284129D700AB379E /* ID.swift */ = {isa = PBXFileReference; lastKnownFileType = sourcecode.swift; path = ID.swift; sourceTree = "<group>"; };
		D38356B4284129E800AB379E /* IDAttributes.swift */ = {isa = PBXFileReference; lastKnownFileType = sourcecode.swift; path = IDAttributes.swift; sourceTree = "<group>"; };
		D38356B6284129FA00AB379E /* IMArtist.swift */ = {isa = PBXFileReference; lastKnownFileType = sourcecode.swift; path = IMArtist.swift; sourceTree = "<group>"; };
		D38356B828412A0A00AB379E /* IMArtistAttributes.swift */ = {isa = PBXFileReference; lastKnownFileType = sourcecode.swift; path = IMArtistAttributes.swift; sourceTree = "<group>"; };
		D38356BA28412A1A00AB379E /* IMContentType.swift */ = {isa = PBXFileReference; lastKnownFileType = sourcecode.swift; path = IMContentType.swift; sourceTree = "<group>"; };
		D38356BC28412A3300AB379E /* IMContentTypeAttributes.swift */ = {isa = PBXFileReference; lastKnownFileType = sourcecode.swift; path = IMContentTypeAttributes.swift; sourceTree = "<group>"; };
		D38356BE28412BDA00AB379E /* AttributesLabel.swift */ = {isa = PBXFileReference; lastKnownFileType = sourcecode.swift; path = AttributesLabel.swift; sourceTree = "<group>"; };
		D38356C028412BF300AB379E /* Term.swift */ = {isa = PBXFileReference; lastKnownFileType = sourcecode.swift; path = Term.swift; sourceTree = "<group>"; };
		D38356C228412C0500AB379E /* IMImage.swift */ = {isa = PBXFileReference; lastKnownFileType = sourcecode.swift; path = IMImage.swift; sourceTree = "<group>"; };
		D38356C428412C1F00AB379E /* IMImageAttributes.swift */ = {isa = PBXFileReference; lastKnownFileType = sourcecode.swift; path = IMImageAttributes.swift; sourceTree = "<group>"; };
		D38356C628412C3200AB379E /* IMPrice.swift */ = {isa = PBXFileReference; lastKnownFileType = sourcecode.swift; path = IMPrice.swift; sourceTree = "<group>"; };
		D38356C828412C4200AB379E /* IMPriceAttributes.swift */ = {isa = PBXFileReference; lastKnownFileType = sourcecode.swift; path = IMPriceAttributes.swift; sourceTree = "<group>"; };
		D38356CA28412C5100AB379E /* Currency.swift */ = {isa = PBXFileReference; lastKnownFileType = sourcecode.swift; path = Currency.swift; sourceTree = "<group>"; };
		D38356CC28412C6400AB379E /* IMPriceLabel.swift */ = {isa = PBXFileReference; lastKnownFileType = sourcecode.swift; path = IMPriceLabel.swift; sourceTree = "<group>"; };
		D38356CE28412C7700AB379E /* IMReleaseDate.swift */ = {isa = PBXFileReference; lastKnownFileType = sourcecode.swift; path = IMReleaseDate.swift; sourceTree = "<group>"; };
		D38356D028412C8600AB379E /* EntryLink.swift */ = {isa = PBXFileReference; lastKnownFileType = sourcecode.swift; path = EntryLink.swift; sourceTree = "<group>"; };
		D38356D228412C9800AB379E /* PurpleAttributes.swift */ = {isa = PBXFileReference; lastKnownFileType = sourcecode.swift; path = PurpleAttributes.swift; sourceTree = "<group>"; };
		D38356D428412CAB00AB379E /* IMAssetType.swift */ = {isa = PBXFileReference; lastKnownFileType = sourcecode.swift; path = IMAssetType.swift; sourceTree = "<group>"; };
		D38356D628412CB800AB379E /* Rel.swift */ = {isa = PBXFileReference; lastKnownFileType = sourcecode.swift; path = Rel.swift; sourceTree = "<group>"; };
		D38356D828412CC500AB379E /* Title.swift */ = {isa = PBXFileReference; lastKnownFileType = sourcecode.swift; path = Title.swift; sourceTree = "<group>"; };
		D38356DA28412CD400AB379E /* TypeEnum.swift */ = {isa = PBXFileReference; lastKnownFileType = sourcecode.swift; path = TypeEnum.swift; sourceTree = "<group>"; };
		D38356DC28412CE300AB379E /* FeedLink.swift */ = {isa = PBXFileReference; lastKnownFileType = sourcecode.swift; path = FeedLink.swift; sourceTree = "<group>"; };
		D38356DE28412CF000AB379E /* FluffyAttributes.swift */ = {isa = PBXFileReference; lastKnownFileType = sourcecode.swift; path = FluffyAttributes.swift; sourceTree = "<group>"; };
		D3C20A2F284166C0002CE005 /* CatalogueService.swift */ = {isa = PBXFileReference; lastKnownFileType = sourcecode.swift; path = CatalogueService.swift; sourceTree = "<group>"; };
		D3C20A3128418EEC002CE005 /* CategoriesListView.swift */ = {isa = PBXFileReference; lastKnownFileType = sourcecode.swift; path = CategoriesListView.swift; sourceTree = "<group>"; };
		D3C20A3328419008002CE005 /* ApplicationView.swift */ = {isa = PBXFileReference; lastKnownFileType = sourcecode.swift; path = ApplicationView.swift; sourceTree = "<group>"; };
		D3C2562128420AC90044B63C /* CatalogueViewModel.swift */ = {isa = PBXFileReference; lastKnownFileType = sourcecode.swift; path = CatalogueViewModel.swift; sourceTree = "<group>"; };
		D3C25623284224180044B63C /* ApplicationDetailView.swift */ = {isa = PBXFileReference; lastKnownFileType = sourcecode.swift; path = ApplicationDetailView.swift; sourceTree = "<group>"; };
		D3C2562528423F330044B63C /* ApplicationListView.swift */ = {isa = PBXFileReference; lastKnownFileType = sourcecode.swift; path = ApplicationListView.swift; sourceTree = "<group>"; };
		D3C2562728423F3D0044B63C /* ApplicationGridView.swift */ = {isa = PBXFileReference; lastKnownFileType = sourcecode.swift; path = ApplicationGridView.swift; sourceTree = "<group>"; };
/* End PBXFileReference section */

/* Begin PBXFrameworksBuildPhase section */
		D38180082840CC4D001849E1 /* Frameworks */ = {
			isa = PBXFrameworksBuildPhase;
			buildActionMask = 2147483647;
			files = (
			);
			runOnlyForDeploymentPostprocessing = 0;
		};
		D381801D2840CC4E001849E1 /* Frameworks */ = {
			isa = PBXFrameworksBuildPhase;
			buildActionMask = 2147483647;
			files = (
			);
			runOnlyForDeploymentPostprocessing = 0;
		};
		D38180272840CC4E001849E1 /* Frameworks */ = {
			isa = PBXFrameworksBuildPhase;
			buildActionMask = 2147483647;
			files = (
			);
			runOnlyForDeploymentPostprocessing = 0;
		};
/* End PBXFrameworksBuildPhase section */

/* Begin PBXGroup section */
		D38180022840CC4D001849E1 = {
			isa = PBXGroup;
			children = (
				D381800D2840CC4D001849E1 /* CatalogoDeAplicaciones */,
				D38180232840CC4E001849E1 /* CatalogoDeAplicacionesTests */,
				D381802D2840CC4E001849E1 /* CatalogoDeAplicacionesUITests */,
				D381800C2840CC4D001849E1 /* Products */,
			);
			sourceTree = "<group>";
		};
		D381800C2840CC4D001849E1 /* Products */ = {
			isa = PBXGroup;
			children = (
				D381800B2840CC4D001849E1 /* CatalogoDeAplicaciones.app */,
				D38180202840CC4E001849E1 /* CatalogoDeAplicacionesTests.xctest */,
				D381802A2840CC4E001849E1 /* CatalogoDeAplicacionesUITests.xctest */,
			);
			name = Products;
			sourceTree = "<group>";
		};
		D381800D2840CC4D001849E1 /* CatalogoDeAplicaciones */ = {
			isa = PBXGroup;
			children = (
				D381800E2840CC4D001849E1 /* CatalogoDeAplicacionesApp.swift */,
				D38180122840CC4E001849E1 /* Assets.xcassets */,
				D38180192840CC4E001849E1 /* CatalogoDeAplicaciones.xcdatamodeld */,
				D38356A3284128E200AB379E /* Models */,
				D3C20A2E284166A1002CE005 /* Persistence */,
				D38180142840CC4E001849E1 /* Preview Content */,
				D3C20A2D28416694002CE005 /* Services */,
				D3C2562028420A6C0044B63C /* ViewModels */,
				D38356E028413DBA00AB379E /* Views */,
			);
			path = CatalogoDeAplicaciones;
			sourceTree = "<group>";
		};
		D38180142840CC4E001849E1 /* Preview Content */ = {
			isa = PBXGroup;
			children = (
				D38180152840CC4E001849E1 /* Preview Assets.xcassets */,
			);
			path = "Preview Content";
			sourceTree = "<group>";
		};
		D38180232840CC4E001849E1 /* CatalogoDeAplicacionesTests */ = {
			isa = PBXGroup;
			children = (
				D38180242840CC4E001849E1 /* CatalogoDeAplicacionesTests.swift */,
			);
			path = CatalogoDeAplicacionesTests;
			sourceTree = "<group>";
		};
		D381802D2840CC4E001849E1 /* CatalogoDeAplicacionesUITests */ = {
			isa = PBXGroup;
			children = (
				D381802E2840CC4E001849E1 /* CatalogoDeAplicacionesUITests.swift */,
				D38180302840CC4E001849E1 /* CatalogoDeAplicacionesUITestsLaunchTests.swift */,
			);
			path = CatalogoDeAplicacionesUITests;
			sourceTree = "<group>";
		};
		D38356A3284128E200AB379E /* Models */ = {
			isa = PBXGroup;
			children = (
				D38356BE28412BDA00AB379E /* AttributesLabel.swift */,
				D38356A82841296400AB379E /* Author.swift */,
				D38356A4284128F200AB379E /* Catalogue.swift */,
				D38356AE284129AD00AB379E /* Category.swift */,
				D38356B0284129C100AB379E /* CategoryAttributes.swift */,
				D38356CA28412C5100AB379E /* Currency.swift */,
				D38356AC2841299900AB379E /* Entry.swift */,
				D38356D028412C8600AB379E /* EntryLink.swift */,
				D38356A62841294F00AB379E /* Feed.swift */,
				D38356DC28412CE300AB379E /* FeedLink.swift */,
				D38356DE28412CF000AB379E /* FluffyAttributes.swift */,
				D38356AA2841298700AB379E /* Icon.swift */,
				D38356B2284129D700AB379E /* ID.swift */,
				D38356B4284129E800AB379E /* IDAttributes.swift */,
				D38356B6284129FA00AB379E /* IMArtist.swift */,
				D38356B828412A0A00AB379E /* IMArtistAttributes.swift */,
				D38356D428412CAB00AB379E /* IMAssetType.swift */,
				D38356BA28412A1A00AB379E /* IMContentType.swift */,
				D38356BC28412A3300AB379E /* IMContentTypeAttributes.swift */,
				D38356C228412C0500AB379E /* IMImage.swift */,
				D38356C428412C1F00AB379E /* IMImageAttributes.swift */,
				D38356C628412C3200AB379E /* IMPrice.swift */,
				D38356C828412C4200AB379E /* IMPriceAttributes.swift */,
				D38356CC28412C6400AB379E /* IMPriceLabel.swift */,
				D38356CE28412C7700AB379E /* IMReleaseDate.swift */,
				D38356D228412C9800AB379E /* PurpleAttributes.swift */,
				D38356D628412CB800AB379E /* Rel.swift */,
				D38356C028412BF300AB379E /* Term.swift */,
				D38356D828412CC500AB379E /* Title.swift */,
				D38356DA28412CD400AB379E /* TypeEnum.swift */,
			);
			path = Models;
			sourceTree = "<group>";
		};
		D38356E028413DBA00AB379E /* Views */ = {
			isa = PBXGroup;
			children = (
				D3C25623284224180044B63C /* ApplicationDetailView.swift */,
				D3C2562728423F3D0044B63C /* ApplicationGridView.swift */,
				D3C2562528423F330044B63C /* ApplicationListView.swift */,
				D3C20A3328419008002CE005 /* ApplicationView.swift */,
				D3C20A3128418EEC002CE005 /* CategoriesListView.swift */,
				D38180102840CC4D001849E1 /* ContentView.swift */,
			);
			path = Views;
			sourceTree = "<group>";
		};
		D3C20A2D28416694002CE005 /* Services */ = {
			isa = PBXGroup;
			children = (
				D3C20A2F284166C0002CE005 /* CatalogueService.swift */,
			);
			path = Services;
			sourceTree = "<group>";
		};
		D3C20A2E284166A1002CE005 /* Persistence */ = {
			isa = PBXGroup;
			children = (
				D38180172840CC4E001849E1 /* Persistence.swift */,
			);
			path = Persistence;
			sourceTree = "<group>";
		};
		D3C2562028420A6C0044B63C /* ViewModels */ = {
			isa = PBXGroup;
			children = (
				D3C2562128420AC90044B63C /* CatalogueViewModel.swift */,
			);
			path = ViewModels;
			sourceTree = "<group>";
		};
/* End PBXGroup section */

/* Begin PBXNativeTarget section */
		D381800A2840CC4D001849E1 /* CatalogoDeAplicaciones */ = {
			isa = PBXNativeTarget;
			buildConfigurationList = D38180342840CC4E001849E1 /* Build configuration list for PBXNativeTarget "CatalogoDeAplicaciones" */;
			buildPhases = (
				D38180072840CC4D001849E1 /* Sources */,
				D38180082840CC4D001849E1 /* Frameworks */,
				D38180092840CC4D001849E1 /* Resources */,
			);
			buildRules = (
			);
			dependencies = (
			);
			name = CatalogoDeAplicaciones;
			productName = CatalogoDeAplicaciones;
			productReference = D381800B2840CC4D001849E1 /* CatalogoDeAplicaciones.app */;
			productType = "com.apple.product-type.application";
		};
		D381801F2840CC4E001849E1 /* CatalogoDeAplicacionesTests */ = {
			isa = PBXNativeTarget;
			buildConfigurationList = D38180372840CC4E001849E1 /* Build configuration list for PBXNativeTarget "CatalogoDeAplicacionesTests" */;
			buildPhases = (
				D381801C2840CC4E001849E1 /* Sources */,
				D381801D2840CC4E001849E1 /* Frameworks */,
				D381801E2840CC4E001849E1 /* Resources */,
			);
			buildRules = (
			);
			dependencies = (
				D38180222840CC4E001849E1 /* PBXTargetDependency */,
			);
			name = CatalogoDeAplicacionesTests;
			productName = CatalogoDeAplicacionesTests;
			productReference = D38180202840CC4E001849E1 /* CatalogoDeAplicacionesTests.xctest */;
			productType = "com.apple.product-type.bundle.unit-test";
		};
		D38180292840CC4E001849E1 /* CatalogoDeAplicacionesUITests */ = {
			isa = PBXNativeTarget;
			buildConfigurationList = D381803A2840CC4E001849E1 /* Build configuration list for PBXNativeTarget "CatalogoDeAplicacionesUITests" */;
			buildPhases = (
				D38180262840CC4E001849E1 /* Sources */,
				D38180272840CC4E001849E1 /* Frameworks */,
				D38180282840CC4E001849E1 /* Resources */,
			);
			buildRules = (
			);
			dependencies = (
				D381802C2840CC4E001849E1 /* PBXTargetDependency */,
			);
			name = CatalogoDeAplicacionesUITests;
			productName = CatalogoDeAplicacionesUITests;
			productReference = D381802A2840CC4E001849E1 /* CatalogoDeAplicacionesUITests.xctest */;
			productType = "com.apple.product-type.bundle.ui-testing";
		};
/* End PBXNativeTarget section */

/* Begin PBXProject section */
		D38180032840CC4D001849E1 /* Project object */ = {
			isa = PBXProject;
			attributes = {
				BuildIndependentTargetsInParallel = 1;
				LastSwiftUpdateCheck = 1340;
				LastUpgradeCheck = 1340;
				TargetAttributes = {
					D381800A2840CC4D001849E1 = {
						CreatedOnToolsVersion = 13.4;
					};
					D381801F2840CC4E001849E1 = {
						CreatedOnToolsVersion = 13.4;
						TestTargetID = D381800A2840CC4D001849E1;
					};
					D38180292840CC4E001849E1 = {
						CreatedOnToolsVersion = 13.4;
						TestTargetID = D381800A2840CC4D001849E1;
					};
				};
			};
			buildConfigurationList = D38180062840CC4D001849E1 /* Build configuration list for PBXProject "CatalogoDeAplicaciones" */;
			compatibilityVersion = "Xcode 13.0";
			developmentRegion = en;
			hasScannedForEncodings = 0;
			knownRegions = (
				en,
				Base,
			);
			mainGroup = D38180022840CC4D001849E1;
			productRefGroup = D381800C2840CC4D001849E1 /* Products */;
			projectDirPath = "";
			projectRoot = "";
			targets = (
				D381800A2840CC4D001849E1 /* CatalogoDeAplicaciones */,
				D381801F2840CC4E001849E1 /* CatalogoDeAplicacionesTests */,
				D38180292840CC4E001849E1 /* CatalogoDeAplicacionesUITests */,
			);
		};
/* End PBXProject section */

/* Begin PBXResourcesBuildPhase section */
		D38180092840CC4D001849E1 /* Resources */ = {
			isa = PBXResourcesBuildPhase;
			buildActionMask = 2147483647;
			files = (
				D38180162840CC4E001849E1 /* Preview Assets.xcassets in Resources */,
				D38180132840CC4E001849E1 /* Assets.xcassets in Resources */,
			);
			runOnlyForDeploymentPostprocessing = 0;
		};
		D381801E2840CC4E001849E1 /* Resources */ = {
			isa = PBXResourcesBuildPhase;
			buildActionMask = 2147483647;
			files = (
			);
			runOnlyForDeploymentPostprocessing = 0;
		};
		D38180282840CC4E001849E1 /* Resources */ = {
			isa = PBXResourcesBuildPhase;
			buildActionMask = 2147483647;
			files = (
			);
			runOnlyForDeploymentPostprocessing = 0;
		};
/* End PBXResourcesBuildPhase section */

/* Begin PBXSourcesBuildPhase section */
		D38180072840CC4D001849E1 /* Sources */ = {
			isa = PBXSourcesBuildPhase;
			buildActionMask = 2147483647;
			files = (
				D38356DB28412CD400AB379E /* TypeEnum.swift in Sources */,
				D38356D328412C9800AB379E /* PurpleAttributes.swift in Sources */,
				D3C20A3428419008002CE005 /* ApplicationView.swift in Sources */,
				D38356B7284129FA00AB379E /* IMArtist.swift in Sources */,
				D38356BB28412A1A00AB379E /* IMContentType.swift in Sources */,
				D38180182840CC4E001849E1 /* Persistence.swift in Sources */,
				D38356BF28412BDA00AB379E /* AttributesLabel.swift in Sources */,
				D38356C528412C1F00AB379E /* IMImageAttributes.swift in Sources */,
				D38356C128412BF300AB379E /* Term.swift in Sources */,
				D38356C328412C0500AB379E /* IMImage.swift in Sources */,
				D38356AF284129AD00AB379E /* Category.swift in Sources */,
				D38356B5284129E800AB379E /* IDAttributes.swift in Sources */,
				D38356A72841294F00AB379E /* Feed.swift in Sources */,
				D38356B1284129C100AB379E /* CategoryAttributes.swift in Sources */,
				D38356CF28412C7700AB379E /* IMReleaseDate.swift in Sources */,
				D3C2562628423F330044B63C /* ApplicationListView.swift in Sources */,
				D381801B2840CC4E001849E1 /* CatalogoDeAplicaciones.xcdatamodeld in Sources */,
				D38356CB28412C5100AB379E /* Currency.swift in Sources */,
				D38356BD28412A3300AB379E /* IMContentTypeAttributes.swift in Sources */,
				D38180112840CC4D001849E1 /* ContentView.swift in Sources */,
				D381800F2840CC4D001849E1 /* CatalogoDeAplicacionesApp.swift in Sources */,
				D3C20A30284166C0002CE005 /* CatalogueService.swift in Sources */,
				D38356D528412CAB00AB379E /* IMAssetType.swift in Sources */,
				D3C2562228420AC90044B63C /* CatalogueViewModel.swift in Sources */,
				D38356D128412C8600AB379E /* EntryLink.swift in Sources */,
				D3C2562828423F3D0044B63C /* ApplicationGridView.swift in Sources */,
				D38356B928412A0A00AB379E /* IMArtistAttributes.swift in Sources */,
				D38356C928412C4200AB379E /* IMPriceAttributes.swift in Sources */,
				D3C25624284224180044B63C /* ApplicationDetailView.swift in Sources */,
				D38356A92841296400AB379E /* Author.swift in Sources */,
				D38356DD28412CE300AB379E /* FeedLink.swift in Sources */,
				D38356B3284129D700AB379E /* ID.swift in Sources */,
				D38356DF28412CF000AB379E /* FluffyAttributes.swift in Sources */,
				D38356AD2841299900AB379E /* Entry.swift in Sources */,
				D38356CD28412C6400AB379E /* IMPriceLabel.swift in Sources */,
				D38356AB2841298700AB379E /* Icon.swift in Sources */,
				D38356A5284128F200AB379E /* Catalogue.swift in Sources */,
				D3C20A3228418EEC002CE005 /* CategoriesListView.swift in Sources */,
				D38356C728412C3200AB379E /* IMPrice.swift in Sources */,
				D38356D728412CB800AB379E /* Rel.swift in Sources */,
				D38356D928412CC500AB379E /* Title.swift in Sources */,
			);
			runOnlyForDeploymentPostprocessing = 0;
		};
		D381801C2840CC4E001849E1 /* Sources */ = {
			isa = PBXSourcesBuildPhase;
			buildActionMask = 2147483647;
			files = (
				D38180252840CC4E001849E1 /* CatalogoDeAplicacionesTests.swift in Sources */,
			);
			runOnlyForDeploymentPostprocessing = 0;
		};
		D38180262840CC4E001849E1 /* Sources */ = {
			isa = PBXSourcesBuildPhase;
			buildActionMask = 2147483647;
			files = (
				D38180312840CC4E001849E1 /* CatalogoDeAplicacionesUITestsLaunchTests.swift in Sources */,
				D381802F2840CC4E001849E1 /* CatalogoDeAplicacionesUITests.swift in Sources */,
			);
			runOnlyForDeploymentPostprocessing = 0;
		};
/* End PBXSourcesBuildPhase section */

/* Begin PBXTargetDependency section */
		D38180222840CC4E001849E1 /* PBXTargetDependency */ = {
			isa = PBXTargetDependency;
			target = D381800A2840CC4D001849E1 /* CatalogoDeAplicaciones */;
			targetProxy = D38180212840CC4E001849E1 /* PBXContainerItemProxy */;
		};
		D381802C2840CC4E001849E1 /* PBXTargetDependency */ = {
			isa = PBXTargetDependency;
			target = D381800A2840CC4D001849E1 /* CatalogoDeAplicaciones */;
			targetProxy = D381802B2840CC4E001849E1 /* PBXContainerItemProxy */;
		};
/* End PBXTargetDependency section */

/* Begin XCBuildConfiguration section */
		D38180322840CC4E001849E1 /* Debug */ = {
			isa = XCBuildConfiguration;
			buildSettings = {
				ALWAYS_SEARCH_USER_PATHS = NO;
				CLANG_ANALYZER_NONNULL = YES;
				CLANG_ANALYZER_NUMBER_OBJECT_CONVERSION = YES_AGGRESSIVE;
				CLANG_CXX_LANGUAGE_STANDARD = "gnu++17";
				CLANG_ENABLE_MODULES = YES;
				CLANG_ENABLE_OBJC_ARC = YES;
				CLANG_ENABLE_OBJC_WEAK = YES;
				CLANG_WARN_BLOCK_CAPTURE_AUTORELEASING = YES;
				CLANG_WARN_BOOL_CONVERSION = YES;
				CLANG_WARN_COMMA = YES;
				CLANG_WARN_CONSTANT_CONVERSION = YES;
				CLANG_WARN_DEPRECATED_OBJC_IMPLEMENTATIONS = YES;
				CLANG_WARN_DIRECT_OBJC_ISA_USAGE = YES_ERROR;
				CLANG_WARN_DOCUMENTATION_COMMENTS = YES;
				CLANG_WARN_EMPTY_BODY = YES;
				CLANG_WARN_ENUM_CONVERSION = YES;
				CLANG_WARN_INFINITE_RECURSION = YES;
				CLANG_WARN_INT_CONVERSION = YES;
				CLANG_WARN_NON_LITERAL_NULL_CONVERSION = YES;
				CLANG_WARN_OBJC_IMPLICIT_RETAIN_SELF = YES;
				CLANG_WARN_OBJC_LITERAL_CONVERSION = YES;
				CLANG_WARN_OBJC_ROOT_CLASS = YES_ERROR;
				CLANG_WARN_QUOTED_INCLUDE_IN_FRAMEWORK_HEADER = YES;
				CLANG_WARN_RANGE_LOOP_ANALYSIS = YES;
				CLANG_WARN_STRICT_PROTOTYPES = YES;
				CLANG_WARN_SUSPICIOUS_MOVE = YES;
				CLANG_WARN_UNGUARDED_AVAILABILITY = YES_AGGRESSIVE;
				CLANG_WARN_UNREACHABLE_CODE = YES;
				CLANG_WARN__DUPLICATE_METHOD_MATCH = YES;
				COPY_PHASE_STRIP = NO;
				DEBUG_INFORMATION_FORMAT = dwarf;
				ENABLE_STRICT_OBJC_MSGSEND = YES;
				ENABLE_TESTABILITY = YES;
				GCC_C_LANGUAGE_STANDARD = gnu11;
				GCC_DYNAMIC_NO_PIC = NO;
				GCC_NO_COMMON_BLOCKS = YES;
				GCC_OPTIMIZATION_LEVEL = 0;
				GCC_PREPROCESSOR_DEFINITIONS = (
					"DEBUG=1",
					"$(inherited)",
				);
				GCC_WARN_64_TO_32_BIT_CONVERSION = YES;
				GCC_WARN_ABOUT_RETURN_TYPE = YES_ERROR;
				GCC_WARN_UNDECLARED_SELECTOR = YES;
				GCC_WARN_UNINITIALIZED_AUTOS = YES_AGGRESSIVE;
				GCC_WARN_UNUSED_FUNCTION = YES;
				GCC_WARN_UNUSED_VARIABLE = YES;
				IPHONEOS_DEPLOYMENT_TARGET = 15.5;
				MTL_ENABLE_DEBUG_INFO = INCLUDE_SOURCE;
				MTL_FAST_MATH = YES;
				ONLY_ACTIVE_ARCH = YES;
				SDKROOT = iphoneos;
				SWIFT_ACTIVE_COMPILATION_CONDITIONS = DEBUG;
				SWIFT_OPTIMIZATION_LEVEL = "-Onone";
			};
			name = Debug;
		};
		D38180332840CC4E001849E1 /* Release */ = {
			isa = XCBuildConfiguration;
			buildSettings = {
				ALWAYS_SEARCH_USER_PATHS = NO;
				CLANG_ANALYZER_NONNULL = YES;
				CLANG_ANALYZER_NUMBER_OBJECT_CONVERSION = YES_AGGRESSIVE;
				CLANG_CXX_LANGUAGE_STANDARD = "gnu++17";
				CLANG_ENABLE_MODULES = YES;
				CLANG_ENABLE_OBJC_ARC = YES;
				CLANG_ENABLE_OBJC_WEAK = YES;
				CLANG_WARN_BLOCK_CAPTURE_AUTORELEASING = YES;
				CLANG_WARN_BOOL_CONVERSION = YES;
				CLANG_WARN_COMMA = YES;
				CLANG_WARN_CONSTANT_CONVERSION = YES;
				CLANG_WARN_DEPRECATED_OBJC_IMPLEMENTATIONS = YES;
				CLANG_WARN_DIRECT_OBJC_ISA_USAGE = YES_ERROR;
				CLANG_WARN_DOCUMENTATION_COMMENTS = YES;
				CLANG_WARN_EMPTY_BODY = YES;
				CLANG_WARN_ENUM_CONVERSION = YES;
				CLANG_WARN_INFINITE_RECURSION = YES;
				CLANG_WARN_INT_CONVERSION = YES;
				CLANG_WARN_NON_LITERAL_NULL_CONVERSION = YES;
				CLANG_WARN_OBJC_IMPLICIT_RETAIN_SELF = YES;
				CLANG_WARN_OBJC_LITERAL_CONVERSION = YES;
				CLANG_WARN_OBJC_ROOT_CLASS = YES_ERROR;
				CLANG_WARN_QUOTED_INCLUDE_IN_FRAMEWORK_HEADER = YES;
				CLANG_WARN_RANGE_LOOP_ANALYSIS = YES;
				CLANG_WARN_STRICT_PROTOTYPES = YES;
				CLANG_WARN_SUSPICIOUS_MOVE = YES;
				CLANG_WARN_UNGUARDED_AVAILABILITY = YES_AGGRESSIVE;
				CLANG_WARN_UNREACHABLE_CODE = YES;
				CLANG_WARN__DUPLICATE_METHOD_MATCH = YES;
				COPY_PHASE_STRIP = NO;
				DEBUG_INFORMATION_FORMAT = "dwarf-with-dsym";
				ENABLE_NS_ASSERTIONS = NO;
				ENABLE_STRICT_OBJC_MSGSEND = YES;
				GCC_C_LANGUAGE_STANDARD = gnu11;
				GCC_NO_COMMON_BLOCKS = YES;
				GCC_WARN_64_TO_32_BIT_CONVERSION = YES;
				GCC_WARN_ABOUT_RETURN_TYPE = YES_ERROR;
				GCC_WARN_UNDECLARED_SELECTOR = YES;
				GCC_WARN_UNINITIALIZED_AUTOS = YES_AGGRESSIVE;
				GCC_WARN_UNUSED_FUNCTION = YES;
				GCC_WARN_UNUSED_VARIABLE = YES;
				IPHONEOS_DEPLOYMENT_TARGET = 15.5;
				MTL_ENABLE_DEBUG_INFO = NO;
				MTL_FAST_MATH = YES;
				SDKROOT = iphoneos;
				SWIFT_COMPILATION_MODE = wholemodule;
				SWIFT_OPTIMIZATION_LEVEL = "-O";
				VALIDATE_PRODUCT = YES;
			};
			name = Release;
		};
		D38180352840CC4E001849E1 /* Debug */ = {
			isa = XCBuildConfiguration;
			buildSettings = {
				ASSETCATALOG_COMPILER_APPICON_NAME = AppIcon;
				ASSETCATALOG_COMPILER_GLOBAL_ACCENT_COLOR_NAME = AccentColor;
				CODE_SIGN_STYLE = Automatic;
				CURRENT_PROJECT_VERSION = 1;
				DEVELOPMENT_ASSET_PATHS = "\"CatalogoDeAplicaciones/Preview Content\"";
				DEVELOPMENT_TEAM = 6J556GPQP4;
				ENABLE_PREVIEWS = YES;
				GENERATE_INFOPLIST_FILE = YES;
				INFOPLIST_KEY_UIApplicationSceneManifest_Generation = YES;
				INFOPLIST_KEY_UIApplicationSupportsIndirectInputEvents = YES;
				INFOPLIST_KEY_UILaunchScreen_Generation = YES;
				INFOPLIST_KEY_UISupportedInterfaceOrientations_iPad = "UIInterfaceOrientationPortrait UIInterfaceOrientationPortraitUpsideDown UIInterfaceOrientationLandscapeLeft UIInterfaceOrientationLandscapeRight";
				INFOPLIST_KEY_UISupportedInterfaceOrientations_iPhone = "UIInterfaceOrientationPortrait UIInterfaceOrientationLandscapeLeft UIInterfaceOrientationLandscapeRight";
				LD_RUNPATH_SEARCH_PATHS = (
					"$(inherited)",
					"@executable_path/Frameworks",
				);
				MARKETING_VERSION = 1.0;
				PRODUCT_BUNDLE_IDENTIFIER = com.albertopardellas.CatalogoDeAplicaciones;
				PRODUCT_NAME = "$(TARGET_NAME)";
				SWIFT_EMIT_LOC_STRINGS = YES;
				SWIFT_VERSION = 5.0;
				TARGETED_DEVICE_FAMILY = "1,2";
			};
			name = Debug;
		};
		D38180362840CC4E001849E1 /* Release */ = {
			isa = XCBuildConfiguration;
			buildSettings = {
				ASSETCATALOG_COMPILER_APPICON_NAME = AppIcon;
				ASSETCATALOG_COMPILER_GLOBAL_ACCENT_COLOR_NAME = AccentColor;
				CODE_SIGN_STYLE = Automatic;
				CURRENT_PROJECT_VERSION = 1;
				DEVELOPMENT_ASSET_PATHS = "\"CatalogoDeAplicaciones/Preview Content\"";
				DEVELOPMENT_TEAM = 6J556GPQP4;
				ENABLE_PREVIEWS = YES;
				GENERATE_INFOPLIST_FILE = YES;
				INFOPLIST_KEY_UIApplicationSceneManifest_Generation = YES;
				INFOPLIST_KEY_UIApplicationSupportsIndirectInputEvents = YES;
				INFOPLIST_KEY_UILaunchScreen_Generation = YES;
				INFOPLIST_KEY_UISupportedInterfaceOrientations_iPad = "UIInterfaceOrientationPortrait UIInterfaceOrientationPortraitUpsideDown UIInterfaceOrientationLandscapeLeft UIInterfaceOrientationLandscapeRight";
				INFOPLIST_KEY_UISupportedInterfaceOrientations_iPhone = "UIInterfaceOrientationPortrait UIInterfaceOrientationLandscapeLeft UIInterfaceOrientationLandscapeRight";
				LD_RUNPATH_SEARCH_PATHS = (
					"$(inherited)",
					"@executable_path/Frameworks",
				);
				MARKETING_VERSION = 1.0;
				PRODUCT_BUNDLE_IDENTIFIER = com.albertopardellas.CatalogoDeAplicaciones;
				PRODUCT_NAME = "$(TARGET_NAME)";
				SWIFT_EMIT_LOC_STRINGS = YES;
				SWIFT_VERSION = 5.0;
				TARGETED_DEVICE_FAMILY = "1,2";
			};
			name = Release;
		};
		D38180382840CC4E001849E1 /* Debug */ = {
			isa = XCBuildConfiguration;
			buildSettings = {
				ALWAYS_EMBED_SWIFT_STANDARD_LIBRARIES = YES;
				BUNDLE_LOADER = "$(TEST_HOST)";
				CODE_SIGN_STYLE = Automatic;
				CURRENT_PROJECT_VERSION = 1;
				DEVELOPMENT_TEAM = 6J556GPQP4;
				GENERATE_INFOPLIST_FILE = YES;
				IPHONEOS_DEPLOYMENT_TARGET = 15.5;
				MARKETING_VERSION = 1.0;
				PRODUCT_BUNDLE_IDENTIFIER = com.albertopardellas.CatalogoDeAplicacionesTests;
				PRODUCT_NAME = "$(TARGET_NAME)";
				SWIFT_EMIT_LOC_STRINGS = NO;
				SWIFT_VERSION = 5.0;
				TARGETED_DEVICE_FAMILY = "1,2";
				TEST_HOST = "$(BUILT_PRODUCTS_DIR)/CatalogoDeAplicaciones.app/CatalogoDeAplicaciones";
			};
			name = Debug;
		};
		D38180392840CC4E001849E1 /* Release */ = {
			isa = XCBuildConfiguration;
			buildSettings = {
				ALWAYS_EMBED_SWIFT_STANDARD_LIBRARIES = YES;
				BUNDLE_LOADER = "$(TEST_HOST)";
				CODE_SIGN_STYLE = Automatic;
				CURRENT_PROJECT_VERSION = 1;
				DEVELOPMENT_TEAM = 6J556GPQP4;
				GENERATE_INFOPLIST_FILE = YES;
				IPHONEOS_DEPLOYMENT_TARGET = 15.5;
				MARKETING_VERSION = 1.0;
				PRODUCT_BUNDLE_IDENTIFIER = com.albertopardellas.CatalogoDeAplicacionesTests;
				PRODUCT_NAME = "$(TARGET_NAME)";
				SWIFT_EMIT_LOC_STRINGS = NO;
				SWIFT_VERSION = 5.0;
				TARGETED_DEVICE_FAMILY = "1,2";
				TEST_HOST = "$(BUILT_PRODUCTS_DIR)/CatalogoDeAplicaciones.app/CatalogoDeAplicaciones";
			};
			name = Release;
		};
		D381803B2840CC4E001849E1 /* Debug */ = {
			isa = XCBuildConfiguration;
			buildSettings = {
				ALWAYS_EMBED_SWIFT_STANDARD_LIBRARIES = YES;
				CODE_SIGN_STYLE = Automatic;
				CURRENT_PROJECT_VERSION = 1;
				DEVELOPMENT_TEAM = 6J556GPQP4;
				GENERATE_INFOPLIST_FILE = YES;
				MARKETING_VERSION = 1.0;
				PRODUCT_BUNDLE_IDENTIFIER = com.albertopardellas.CatalogoDeAplicacionesUITests;
				PRODUCT_NAME = "$(TARGET_NAME)";
				SWIFT_EMIT_LOC_STRINGS = NO;
				SWIFT_VERSION = 5.0;
				TARGETED_DEVICE_FAMILY = "1,2";
				TEST_TARGET_NAME = CatalogoDeAplicaciones;
			};
			name = Debug;
		};
		D381803C2840CC4E001849E1 /* Release */ = {
			isa = XCBuildConfiguration;
			buildSettings = {
				ALWAYS_EMBED_SWIFT_STANDARD_LIBRARIES = YES;
				CODE_SIGN_STYLE = Automatic;
				CURRENT_PROJECT_VERSION = 1;
				DEVELOPMENT_TEAM = 6J556GPQP4;
				GENERATE_INFOPLIST_FILE = YES;
				MARKETING_VERSION = 1.0;
				PRODUCT_BUNDLE_IDENTIFIER = com.albertopardellas.CatalogoDeAplicacionesUITests;
				PRODUCT_NAME = "$(TARGET_NAME)";
				SWIFT_EMIT_LOC_STRINGS = NO;
				SWIFT_VERSION = 5.0;
				TARGETED_DEVICE_FAMILY = "1,2";
				TEST_TARGET_NAME = CatalogoDeAplicaciones;
			};
			name = Release;
		};
/* End XCBuildConfiguration section */

/* Begin XCConfigurationList section */
		D38180062840CC4D001849E1 /* Build configuration list for PBXProject "CatalogoDeAplicaciones" */ = {
			isa = XCConfigurationList;
			buildConfigurations = (
				D38180322840CC4E001849E1 /* Debug */,
				D38180332840CC4E001849E1 /* Release */,
			);
			defaultConfigurationIsVisible = 0;
			defaultConfigurationName = Release;
		};
		D38180342840CC4E001849E1 /* Build configuration list for PBXNativeTarget "CatalogoDeAplicaciones" */ = {
			isa = XCConfigurationList;
			buildConfigurations = (
				D38180352840CC4E001849E1 /* Debug */,
				D38180362840CC4E001849E1 /* Release */,
			);
			defaultConfigurationIsVisible = 0;
			defaultConfigurationName = Release;
		};
		D38180372840CC4E001849E1 /* Build configuration list for PBXNativeTarget "CatalogoDeAplicacionesTests" */ = {
			isa = XCConfigurationList;
			buildConfigurations = (
				D38180382840CC4E001849E1 /* Debug */,
				D38180392840CC4E001849E1 /* Release */,
			);
			defaultConfigurationIsVisible = 0;
			defaultConfigurationName = Release;
		};
		D381803A2840CC4E001849E1 /* Build configuration list for PBXNativeTarget "CatalogoDeAplicacionesUITests" */ = {
			isa = XCConfigurationList;
			buildConfigurations = (
				D381803B2840CC4E001849E1 /* Debug */,
				D381803C2840CC4E001849E1 /* Release */,
			);
			defaultConfigurationIsVisible = 0;
			defaultConfigurationName = Release;
		};
/* End XCConfigurationList section */

/* Begin XCVersionGroup section */
		D38180192840CC4E001849E1 /* CatalogoDeAplicaciones.xcdatamodeld */ = {
			isa = XCVersionGroup;
			children = (
				D381801A2840CC4E001849E1 /* CatalogoDeAplicaciones.xcdatamodel */,
			);
			currentVersion = D381801A2840CC4E001849E1 /* CatalogoDeAplicaciones.xcdatamodel */;
			path = CatalogoDeAplicaciones.xcdatamodeld;
			sourceTree = "<group>";
			versionGroupType = wrapper.xcdatamodel;
		};
/* End XCVersionGroup section */
	};
	rootObject = D38180032840CC4D001849E1 /* Project object */;
}
